<?xml version="1.0" encoding="utf-8"?>
<Project ToolsVersion="4.0" xmlns="http://schemas.microsoft.com/developer/msbuild/2003">
  <ItemGroup>
    <Filter Include="Source Files">
      <UniqueIdentifier>{4FC737F1-C7A5-4376-A066-2A32D752A2FF}</UniqueIdentifier>
      <Extensions>cpp;c;cc;cxx;c++;def;odl;idl;hpj;bat;asm;asmx</Extensions>
    </Filter>
    <Filter Include="Header Files">
      <UniqueIdentifier>{93995380-89BD-4b04-88EB-625FBE52EBFB}</UniqueIdentifier>
      <Extensions>h;hh;hpp;hxx;h++;hm;inl;inc;ipp;xsd</Extensions>
    </Filter>
    <Filter Include="Resource Files">
      <UniqueIdentifier>{67DA6AB6-F800-4c08-8B7A-83BB121AAD01}</UniqueIdentifier>
      <Extensions>rc;ico;cur;bmp;dlg;rc2;rct;bin;rgs;gif;jpg;jpeg;jpe;resx;tiff;tif;png;wav;mfcribbon-ms</Extensions>
    </Filter>
    <Filter Include="Source Files\src">
      <UniqueIdentifier>{841a3854-19c6-47df-99eb-cc62064f0c03}</UniqueIdentifier>
    </Filter>
  </ItemGroup>
  <ItemGroup>
    <ClCompile Include="main.cpp">
      <Filter>Source Files</Filter>
    </ClCompile>
  </ItemGroup>
  <ItemGroup>
    <Image Include="res\loading.png">
      <Filter>Resource Files</Filter>
    </Image>
    <Image Include="res\loading1.gif">
      <Filter>Resource Files</Filter>
    </Image>
    <Image Include="res\p.png">
      <Filter>Resource Files</Filter>
    </Image>
  </ItemGroup>
  <ItemGroup>
    <ClInclude Include="External lib\SOIL2\include\image_DXT.h">
      <Filter>Header Files</Filter>
    </ClInclude>
    <ClInclude Include="External lib\SOIL2\include\image_helper.h">
      <Filter>Header Files</Filter>
    </ClInclude>
    <ClInclude Include="External lib\SOIL2\include\jo_jpeg.h">
      <Filter>Header Files</Filter>
    </ClInclude>
    <ClInclude Include="External lib\SOIL2\include\pkm_helper.h">
      <Filter>Header Files</Filter>
    </ClInclude>
    <ClInclude Include="External lib\SOIL2\include\pvr_helper.h">
      <Filter>Header Files</Filter>
    </ClInclude>
    <ClInclude Include="External lib\SOIL2\include\SOIL2.h">
      <Filter>Header Files</Filter>
    </ClInclude>
    <ClInclude Include="External lib\SOIL2\include\stb_image.h">
      <Filter>Header Files</Filter>
    </ClInclude>
    <ClInclude Include="External lib\SOIL2\include\stb_image_write.h">
      <Filter>Header Files</Filter>
    </ClInclude>
    <ClInclude Include="External lib\SOIL2\include\stbi_DDS.h">
      <Filter>Header Files</Filter>
    </ClInclude>
    <ClInclude Include="External lib\SOIL2\include\stbi_DDS_c.h">
      <Filter>Header Files</Filter>
    </ClInclude>
    <ClInclude Include="External lib\SOIL2\include\stbi_ext.h">
      <Filter>Header Files</Filter>
    </ClInclude>
    <ClInclude Include="External lib\SOIL2\include\stbi_ext_c.h">
      <Filter>Header Files</Filter>
    </ClInclude>
    <ClInclude Include="External lib\SOIL2\include\stbi_pkm.h">
      <Filter>Header Files</Filter>
    </ClInclude>
    <ClInclude Include="External lib\SOIL2\include\stbi_pkm_c.h">
      <Filter>Header Files</Filter>
    </ClInclude>
    <ClInclude Include="External lib\SOIL2\include\stbi_pvr.h">
      <Filter>Header Files</Filter>
    </ClInclude>
    <ClInclude Include="External lib\SOIL2\include\stbi_pvr_c.h">
      <Filter>Header Files</Filter>
    </ClInclude>
    <ClInclude Include="External lib\SOIL2\include\wfETC.h">
      <Filter>Header Files</Filter>
    </ClInclude>
  </ItemGroup>
</Project>